
Microsoft Visual Studio Solution File, Format Version 12.00
# Visual Studio Version 16
VisualStudioVersion = 16.0.29215.179
MinimumVisualStudioVersion = 10.0.40219.1
Project("{FAE04EC0-301F-11D3-BF4B-00C04F79EFBC}") = "BusTrackerApi", "BusTrackerApi\BusTrackerApi.csproj", "{FCB378F8-0FEB-406A-A112-FB38AF00AA21}"
EndProject
Global
	GlobalSection(SolutionConfigurationPlatforms) = preSolution
		Debug|Any CPU = Debug|Any CPU
		Release|Any CPU = Release|Any CPU
	EndGlobalSection
	GlobalSection(ProjectConfigurationPlatforms) = postSolution
		{FCB378F8-0FEB-406A-A112-FB38AF00AA21}.Debug|Any CPU.ActiveCfg = Debug|Any CPU
		{FCB378F8-0FEB-406A-A112-FB38AF00AA21}.Debug|Any CPU.Build.0 = Debug|Any CPU
		{FCB378F8-0FEB-406A-A112-FB38AF00AA21}.Release|Any CPU.ActiveCfg = Release|Any CPU
		{FCB378F8-0FEB-406A-A112-FB38AF00AA21}.Release|Any CPU.Build.0 = Release|Any CPU
	EndGlobalSection
	GlobalSection(SolutionProperties) = preSolution
		HideSolutionNode = FALSE
	EndGlobalSection
	GlobalSection(ExtensibilityGlobals) = postSolution
		SolutionGuid = {5D07DE98-5CF4-47B0-A80B-4B670F3B0509}
	EndGlobalSection
EndGlobal
